
Microsoft Visual Studio Solution File, Format Version 12.00
# Visual Studio 15
VisualStudioVersion = 15.0.28307.271
MinimumVisualStudioVersion = 10.0.40219.1
Project("{FAE04EC0-301F-11D3-BF4B-00C04F79EFBC}") = "App02_Tarefas.Android", "App02_Tarefas\App02_Tarefas.Android\App02_Tarefas.Android.csproj", "{C39AB504-2DD8-4C21-98EE-0E26CF5841DB}"
EndProject
Project("{FAE04EC0-301F-11D3-BF4B-00C04F79EFBC}") = "App02_Tarefas.iOS", "App02_Tarefas\App02_Tarefas.iOS\App02_Tarefas.iOS.csproj", "{494FB23B-1281-441C-960B-106AB8D20185}"
EndProject
Project("{FAE04EC0-301F-11D3-BF4B-00C04F79EFBC}") = "App02_Tarefas", "App02_Tarefas\App02_Tarefas\App02_Tarefas.csproj", "{41C7643F-B585-4D88-ADF8-D163D30D2E1D}"
EndProject
Global
	GlobalSection(SolutionConfigurationPlatforms) = preSolution
		Ad-Hoc|Any CPU = Ad-Hoc|Any CPU
		Ad-Hoc|iPhone = Ad-Hoc|iPhone
		Ad-Hoc|iPhoneSimulator = Ad-Hoc|iPhoneSimulator
		AppStore|Any CPU = AppStore|Any CPU
		AppStore|iPhone = AppStore|iPhone
		AppStore|iPhoneSimulator = AppStore|iPhoneSimulator
		Debug|Any CPU = Debug|Any CPU
		Debug|iPhone = Debug|iPhone
		Debug|iPhoneSimulator = Debug|iPhoneSimulator
		Release|Any CPU = Release|Any CPU
		Release|iPhone = Release|iPhone
		Release|iPhoneSimulator = Release|iPhoneSimulator
	EndGlobalSection
	GlobalSection(ProjectConfigurationPlatforms) = postSolution
		{C39AB504-2DD8-4C21-98EE-0E26CF5841DB}.Ad-Hoc|Any CPU.ActiveCfg = Release|Any CPU
		{C39AB504-2DD8-4C21-98EE-0E26CF5841DB}.Ad-Hoc|Any CPU.Build.0 = Release|Any CPU
		{C39AB504-2DD8-4C21-98EE-0E26CF5841DB}.Ad-Hoc|Any CPU.Deploy.0 = Release|Any CPU
		{C39AB504-2DD8-4C21-98EE-0E26CF5841DB}.Ad-Hoc|iPhone.ActiveCfg = Release|Any CPU
		{C39AB504-2DD8-4C21-98EE-0E26CF5841DB}.Ad-Hoc|iPhone.Build.0 = Release|Any CPU
		{C39AB504-2DD8-4C21-98EE-0E26CF5841DB}.Ad-Hoc|iPhone.Deploy.0 = Release|Any CPU
		{C39AB504-2DD8-4C21-98EE-0E26CF5841DB}.Ad-Hoc|iPhoneSimulator.ActiveCfg = Release|Any CPU
		{C39AB504-2DD8-4C21-98EE-0E26CF5841DB}.Ad-Hoc|iPhoneSimulator.Build.0 = Release|Any CPU
		{C39AB504-2DD8-4C21-98EE-0E26CF5841DB}.Ad-Hoc|iPhoneSimulator.Deploy.0 = Release|Any CPU
		{C39AB504-2DD8-4C21-98EE-0E26CF5841DB}.AppStore|Any CPU.ActiveCfg = Release|Any CPU
		{C39AB504-2DD8-4C21-98EE-0E26CF5841DB}.AppStore|Any CPU.Build.0 = Release|Any CPU
		{C39AB504-2DD8-4C21-98EE-0E26CF5841DB}.AppStore|Any CPU.Deploy.0 = Release|Any CPU
		{C39AB504-2DD8-4C21-98EE-0E26CF5841DB}.AppStore|iPhone.ActiveCfg = Release|Any CPU
		{C39AB504-2DD8-4C21-98EE-0E26CF5841DB}.AppStore|iPhone.Build.0 = Release|Any CPU
		{C39AB504-2DD8-4C21-98EE-0E26CF5841DB}.AppStore|iPhone.Deploy.0 = Release|Any CPU
		{C39AB504-2DD8-4C21-98EE-0E26CF5841DB}.AppStore|iPhoneSimulator.ActiveCfg = Release|Any CPU
		{C39AB504-2DD8-4C21-98EE-0E26CF5841DB}.AppStore|iPhoneSimulator.Build.0 = Release|Any CPU
		{C39AB504-2DD8-4C21-98EE-0E26CF5841DB}.AppStore|iPhoneSimulator.Deploy.0 = Release|Any CPU
		{C39AB504-2DD8-4C21-98EE-0E26CF5841DB}.Debug|Any CPU.ActiveCfg = Debug|Any CPU
		{C39AB504-2DD8-4C21-98EE-0E26CF5841DB}.Debug|Any CPU.Build.0 = Debug|Any CPU
		{C39AB504-2DD8-4C21-98EE-0E26CF5841DB}.Debug|Any CPU.Deploy.0 = Debug|Any CPU
		{C39AB504-2DD8-4C21-98EE-0E26CF5841DB}.Debug|iPhone.ActiveCfg = Debug|Any CPU
		{C39AB504-2DD8-4C21-98EE-0E26CF5841DB}.Debug|iPhone.Build.0 = Debug|Any CPU
		{C39AB504-2DD8-4C21-98EE-0E26CF5841DB}.Debug|iPhone.Deploy.0 = Debug|Any CPU
		{C39AB504-2DD8-4C21-98EE-0E26CF5841DB}.Debug|iPhoneSimulator.ActiveCfg = Debug|Any CPU
		{C39AB504-2DD8-4C21-98EE-0E26CF5841DB}.Debug|iPhoneSimulator.Build.0 = Debug|Any CPU
		{C39AB504-2DD8-4C21-98EE-0E26CF5841DB}.Debug|iPhoneSimulator.Deploy.0 = Debug|Any CPU
		{C39AB504-2DD8-4C21-98EE-0E26CF5841DB}.Release|Any CPU.ActiveCfg = Release|Any CPU
		{C39AB504-2DD8-4C21-98EE-0E26CF5841DB}.Release|Any CPU.Build.0 = Release|Any CPU
		{C39AB504-2DD8-4C21-98EE-0E26CF5841DB}.Release|Any CPU.Deploy.0 = Release|Any CPU
		{C39AB504-2DD8-4C21-98EE-0E26CF5841DB}.Release|iPhone.ActiveCfg = Release|Any CPU
		{C39AB504-2DD8-4C21-98EE-0E26CF5841DB}.Release|iPhone.Build.0 = Release|Any CPU
		{C39AB504-2DD8-4C21-98EE-0E26CF5841DB}.Release|iPhone.Deploy.0 = Release|Any CPU
		{C39AB504-2DD8-4C21-98EE-0E26CF5841DB}.Release|iPhoneSimulator.ActiveCfg = Release|Any CPU
		{C39AB504-2DD8-4C21-98EE-0E26CF5841DB}.Release|iPhoneSimulator.Build.0 = Release|Any CPU
		{C39AB504-2DD8-4C21-98EE-0E26CF5841DB}.Release|iPhoneSimulator.Deploy.0 = Release|Any CPU
		{494FB23B-1281-441C-960B-106AB8D20185}.Ad-Hoc|Any CPU.ActiveCfg = Ad-Hoc|iPhone
		{494FB23B-1281-441C-960B-106AB8D20185}.Ad-Hoc|Any CPU.Build.0 = Ad-Hoc|iPhone
		{494FB23B-1281-441C-960B-106AB8D20185}.Ad-Hoc|Any CPU.Deploy.0 = Ad-Hoc|iPhone
		{494FB23B-1281-441C-960B-106AB8D20185}.Ad-Hoc|iPhone.ActiveCfg = Ad-Hoc|iPhone
		{494FB23B-1281-441C-960B-106AB8D20185}.Ad-Hoc|iPhone.Build.0 = Ad-Hoc|iPhone
		{494FB23B-1281-441C-960B-106AB8D20185}.Ad-Hoc|iPhone.Deploy.0 = Ad-Hoc|iPhone
		{494FB23B-1281-441C-960B-106AB8D20185}.Ad-Hoc|iPhoneSimulator.ActiveCfg = Ad-Hoc|iPhoneSimulator
		{494FB23B-1281-441C-960B-106AB8D20185}.Ad-Hoc|iPhoneSimulator.Build.0 = Ad-Hoc|iPhoneSimulator
		{494FB23B-1281-441C-960B-106AB8D20185}.Ad-Hoc|iPhoneSimulator.Deploy.0 = Ad-Hoc|iPhoneSimulator
		{494FB23B-1281-441C-960B-106AB8D20185}.AppStore|Any CPU.ActiveCfg = AppStore|iPhone
		{494FB23B-1281-441C-960B-106AB8D20185}.AppStore|Any CPU.Build.0 = AppStore|iPhone
		{494FB23B-1281-441C-960B-106AB8D20185}.AppStore|Any CPU.Deploy.0 = AppStore|iPhone
		{494FB23B-1281-441C-960B-106AB8D20185}.AppStore|iPhone.ActiveCfg = AppStore|iPhone
		{494FB23B-1281-441C-960B-106AB8D20185}.AppStore|iPhone.Build.0 = AppStore|iPhone
		{494FB23B-1281-441C-960B-106AB8D20185}.AppStore|iPhone.Deploy.0 = AppStore|iPhone
		{494FB23B-1281-441C-960B-106AB8D20185}.AppStore|iPhoneSimulator.ActiveCfg = AppStore|iPhoneSimulator
		{494FB23B-1281-441C-960B-106AB8D20185}.AppStore|iPhoneSimulator.Build.0 = AppStore|iPhoneSimulator
		{494FB23B-1281-441C-960B-106AB8D20185}.AppStore|iPhoneSimulator.Deploy.0 = AppStore|iPhoneSimulator
		{494FB23B-1281-441C-960B-106AB8D20185}.Debug|Any CPU.ActiveCfg = Debug|iPhoneSimulator
		{494FB23B-1281-441C-960B-106AB8D20185}.Debug|Any CPU.Build.0 = Debug|iPhoneSimulator
		{494FB23B-1281-441C-960B-106AB8D20185}.Debug|Any CPU.Deploy.0 = Debug|iPhoneSimulator
		{494FB23B-1281-441C-960B-106AB8D20185}.Debug|iPhone.ActiveCfg = Debug|iPhone
		{494FB23B-1281-441C-960B-106AB8D20185}.Debug|iPhone.Build.0 = Debug|iPhone
		{494FB23B-1281-441C-960B-106AB8D20185}.Debug|iPhone.Deploy.0 = Debug|iPhone
		{494FB23B-1281-441C-960B-106AB8D20185}.Debug|iPhoneSimulator.ActiveCfg = Debug|iPhoneSimulator
		{494FB23B-1281-441C-960B-106AB8D20185}.Debug|iPhoneSimulator.Build.0 = Debug|iPhoneSimulator
		{494FB23B-1281-441C-960B-106AB8D20185}.Debug|iPhoneSimulator.Deploy.0 = Debug|iPhoneSimulator
		{494FB23B-1281-441C-960B-106AB8D20185}.Release|Any CPU.ActiveCfg = Release|iPhone
		{494FB23B-1281-441C-960B-106AB8D20185}.Release|Any CPU.Build.0 = Release|iPhone
		{494FB23B-1281-441C-960B-106AB8D20185}.Release|Any CPU.Deploy.0 = Release|iPhone
		{494FB23B-1281-441C-960B-106AB8D20185}.Release|iPhone.ActiveCfg = Release|iPhone
		{494FB23B-1281-441C-960B-106AB8D20185}.Release|iPhone.Build.0 = Release|iPhone
		{494FB23B-1281-441C-960B-106AB8D20185}.Release|iPhone.Deploy.0 = Release|iPhone
		{494FB23B-1281-441C-960B-106AB8D20185}.Release|iPhoneSimulator.ActiveCfg = Release|iPhoneSimulator
		{494FB23B-1281-441C-960B-106AB8D20185}.Release|iPhoneSimulator.Build.0 = Release|iPhoneSimulator
		{494FB23B-1281-441C-960B-106AB8D20185}.Release|iPhoneSimulator.Deploy.0 = Release|iPhoneSimulator
		{41C7643F-B585-4D88-ADF8-D163D30D2E1D}.Ad-Hoc|Any CPU.ActiveCfg = Debug|Any CPU
		{41C7643F-B585-4D88-ADF8-D163D30D2E1D}.Ad-Hoc|Any CPU.Build.0 = Debug|Any CPU
		{41C7643F-B585-4D88-ADF8-D163D30D2E1D}.Ad-Hoc|Any CPU.Deploy.0 = Debug|Any CPU
		{41C7643F-B585-4D88-ADF8-D163D30D2E1D}.Ad-Hoc|iPhone.ActiveCfg = Debug|Any CPU
		{41C7643F-B585-4D88-ADF8-D163D30D2E1D}.Ad-Hoc|iPhone.Build.0 = Debug|Any CPU
		{41C7643F-B585-4D88-ADF8-D163D30D2E1D}.Ad-Hoc|iPhone.Deploy.0 = Debug|Any CPU
		{41C7643F-B585-4D88-ADF8-D163D30D2E1D}.Ad-Hoc|iPhoneSimulator.ActiveCfg = Debug|Any CPU
		{41C7643F-B585-4D88-ADF8-D163D30D2E1D}.Ad-Hoc|iPhoneSimulator.Build.0 = Debug|Any CPU
		{41C7643F-B585-4D88-ADF8-D163D30D2E1D}.Ad-Hoc|iPhoneSimulator.Deploy.0 = Debug|Any CPU
		{41C7643F-B585-4D88-ADF8-D163D30D2E1D}.AppStore|Any CPU.ActiveCfg = Debug|Any CPU
		{41C7643F-B585-4D88-ADF8-D163D30D2E1D}.AppStore|Any CPU.Build.0 = Debug|Any CPU
		{41C7643F-B585-4D88-ADF8-D163D30D2E1D}.AppStore|Any CPU.Deploy.0 = Debug|Any CPU
		{41C7643F-B585-4D88-ADF8-D163D30D2E1D}.AppStore|iPhone.ActiveCfg = Debug|Any CPU
		{41C7643F-B585-4D88-ADF8-D163D30D2E1D}.AppStore|iPhone.Build.0 = Debug|Any CPU
		{41C7643F-B585-4D88-ADF8-D163D30D2E1D}.AppStore|iPhone.Deploy.0 = Debug|Any CPU
		{41C7643F-B585-4D88-ADF8-D163D30D2E1D}.AppStore|iPhoneSimulator.ActiveCfg = Debug|Any CPU
		{41C7643F-B585-4D88-ADF8-D163D30D2E1D}.AppStore|iPhoneSimulator.Build.0 = Debug|Any CPU
		{41C7643F-B585-4D88-ADF8-D163D30D2E1D}.AppStore|iPhoneSimulator.Deploy.0 = Debug|Any CPU
		{41C7643F-B585-4D88-ADF8-D163D30D2E1D}.Debug|Any CPU.ActiveCfg = Debug|Any CPU
		{41C7643F-B585-4D88-ADF8-D163D30D2E1D}.Debug|Any CPU.Build.0 = Debug|Any CPU
		{41C7643F-B585-4D88-ADF8-D163D30D2E1D}.Debug|Any CPU.Deploy.0 = Debug|Any CPU
		{41C7643F-B585-4D88-ADF8-D163D30D2E1D}.Debug|iPhone.ActiveCfg = Debug|Any CPU
		{41C7643F-B585-4D88-ADF8-D163D30D2E1D}.Debug|iPhone.Build.0 = Debug|Any CPU
		{41C7643F-B585-4D88-ADF8-D163D30D2E1D}.Debug|iPhone.Deploy.0 = Debug|Any CPU
		{41C7643F-B585-4D88-ADF8-D163D30D2E1D}.Debug|iPhoneSimulator.ActiveCfg = Debug|Any CPU
		{41C7643F-B585-4D88-ADF8-D163D30D2E1D}.Debug|iPhoneSimulator.Build.0 = Debug|Any CPU
		{41C7643F-B585-4D88-ADF8-D163D30D2E1D}.Debug|iPhoneSimulator.Deploy.0 = Debug|Any CPU
		{41C7643F-B585-4D88-ADF8-D163D30D2E1D}.Release|Any CPU.ActiveCfg = Release|Any CPU
		{41C7643F-B585-4D88-ADF8-D163D30D2E1D}.Release|Any CPU.Build.0 = Release|Any CPU
		{41C7643F-B585-4D88-ADF8-D163D30D2E1D}.Release|Any CPU.Deploy.0 = Release|Any CPU
		{41C7643F-B585-4D88-ADF8-D163D30D2E1D}.Release|iPhone.ActiveCfg = Release|Any CPU
		{41C7643F-B585-4D88-ADF8-D163D30D2E1D}.Release|iPhone.Build.0 = Release|Any CPU
		{41C7643F-B585-4D88-ADF8-D163D30D2E1D}.Release|iPhone.Deploy.0 = Release|Any CPU
		{41C7643F-B585-4D88-ADF8-D163D30D2E1D}.Release|iPhoneSimulator.ActiveCfg = Release|Any CPU
		{41C7643F-B585-4D88-ADF8-D163D30D2E1D}.Release|iPhoneSimulator.Build.0 = Release|Any CPU
		{41C7643F-B585-4D88-ADF8-D163D30D2E1D}.Release|iPhoneSimulator.Deploy.0 = Release|Any CPU
	EndGlobalSection
	GlobalSection(SolutionProperties) = preSolution
		HideSolutionNode = FALSE
	EndGlobalSection
	GlobalSection(ExtensibilityGlobals) = postSolution
		SolutionGuid = {BF6C43C5-4D68-4071-88D4-79F3D81551A8}
	EndGlobalSection
EndGlobal
