
Microsoft Visual Studio Solution File, Format Version 12.00
# Visual Studio 15
VisualStudioVersion = 15.0.28307.271
MinimumVisualStudioVersion = 10.0.40219.1
Project("{FAE04EC0-301F-11D3-BF4B-00C04F79EFBC}") = "App1_CELL.Android", "App1_CELL\App1_CELL.Android\App1_CELL.Android.csproj", "{D94332EF-F67B-4C31-8902-4DE510B10C65}"
EndProject
Project("{FAE04EC0-301F-11D3-BF4B-00C04F79EFBC}") = "App1_CELL.iOS", "App1_CELL\App1_CELL.iOS\App1_CELL.iOS.csproj", "{3F47B03E-35BE-43EF-B1D4-FB9D56E63FED}"
EndProject
Project("{FAE04EC0-301F-11D3-BF4B-00C04F79EFBC}") = "App1_CELL", "App1_CELL\App1_CELL\App1_CELL.csproj", "{0A653BA1-0379-45E2-8CAF-0F8F262A6165}"
EndProject
Global
	GlobalSection(SolutionConfigurationPlatforms) = preSolution
		Ad-Hoc|Any CPU = Ad-Hoc|Any CPU
		Ad-Hoc|iPhone = Ad-Hoc|iPhone
		Ad-Hoc|iPhoneSimulator = Ad-Hoc|iPhoneSimulator
		AppStore|Any CPU = AppStore|Any CPU
		AppStore|iPhone = AppStore|iPhone
		AppStore|iPhoneSimulator = AppStore|iPhoneSimulator
		Debug|Any CPU = Debug|Any CPU
		Debug|iPhone = Debug|iPhone
		Debug|iPhoneSimulator = Debug|iPhoneSimulator
		Release|Any CPU = Release|Any CPU
		Release|iPhone = Release|iPhone
		Release|iPhoneSimulator = Release|iPhoneSimulator
	EndGlobalSection
	GlobalSection(ProjectConfigurationPlatforms) = postSolution
		{D94332EF-F67B-4C31-8902-4DE510B10C65}.Ad-Hoc|Any CPU.ActiveCfg = Release|Any CPU
		{D94332EF-F67B-4C31-8902-4DE510B10C65}.Ad-Hoc|Any CPU.Build.0 = Release|Any CPU
		{D94332EF-F67B-4C31-8902-4DE510B10C65}.Ad-Hoc|Any CPU.Deploy.0 = Release|Any CPU
		{D94332EF-F67B-4C31-8902-4DE510B10C65}.Ad-Hoc|iPhone.ActiveCfg = Release|Any CPU
		{D94332EF-F67B-4C31-8902-4DE510B10C65}.Ad-Hoc|iPhone.Build.0 = Release|Any CPU
		{D94332EF-F67B-4C31-8902-4DE510B10C65}.Ad-Hoc|iPhone.Deploy.0 = Release|Any CPU
		{D94332EF-F67B-4C31-8902-4DE510B10C65}.Ad-Hoc|iPhoneSimulator.ActiveCfg = Release|Any CPU
		{D94332EF-F67B-4C31-8902-4DE510B10C65}.Ad-Hoc|iPhoneSimulator.Build.0 = Release|Any CPU
		{D94332EF-F67B-4C31-8902-4DE510B10C65}.Ad-Hoc|iPhoneSimulator.Deploy.0 = Release|Any CPU
		{D94332EF-F67B-4C31-8902-4DE510B10C65}.AppStore|Any CPU.ActiveCfg = Release|Any CPU
		{D94332EF-F67B-4C31-8902-4DE510B10C65}.AppStore|Any CPU.Build.0 = Release|Any CPU
		{D94332EF-F67B-4C31-8902-4DE510B10C65}.AppStore|Any CPU.Deploy.0 = Release|Any CPU
		{D94332EF-F67B-4C31-8902-4DE510B10C65}.AppStore|iPhone.ActiveCfg = Release|Any CPU
		{D94332EF-F67B-4C31-8902-4DE510B10C65}.AppStore|iPhone.Build.0 = Release|Any CPU
		{D94332EF-F67B-4C31-8902-4DE510B10C65}.AppStore|iPhone.Deploy.0 = Release|Any CPU
		{D94332EF-F67B-4C31-8902-4DE510B10C65}.AppStore|iPhoneSimulator.ActiveCfg = Release|Any CPU
		{D94332EF-F67B-4C31-8902-4DE510B10C65}.AppStore|iPhoneSimulator.Build.0 = Release|Any CPU
		{D94332EF-F67B-4C31-8902-4DE510B10C65}.AppStore|iPhoneSimulator.Deploy.0 = Release|Any CPU
		{D94332EF-F67B-4C31-8902-4DE510B10C65}.Debug|Any CPU.ActiveCfg = Debug|Any CPU
		{D94332EF-F67B-4C31-8902-4DE510B10C65}.Debug|Any CPU.Build.0 = Debug|Any CPU
		{D94332EF-F67B-4C31-8902-4DE510B10C65}.Debug|Any CPU.Deploy.0 = Debug|Any CPU
		{D94332EF-F67B-4C31-8902-4DE510B10C65}.Debug|iPhone.ActiveCfg = Debug|Any CPU
		{D94332EF-F67B-4C31-8902-4DE510B10C65}.Debug|iPhone.Build.0 = Debug|Any CPU
		{D94332EF-F67B-4C31-8902-4DE510B10C65}.Debug|iPhone.Deploy.0 = Debug|Any CPU
		{D94332EF-F67B-4C31-8902-4DE510B10C65}.Debug|iPhoneSimulator.ActiveCfg = Debug|Any CPU
		{D94332EF-F67B-4C31-8902-4DE510B10C65}.Debug|iPhoneSimulator.Build.0 = Debug|Any CPU
		{D94332EF-F67B-4C31-8902-4DE510B10C65}.Debug|iPhoneSimulator.Deploy.0 = Debug|Any CPU
		{D94332EF-F67B-4C31-8902-4DE510B10C65}.Release|Any CPU.ActiveCfg = Release|Any CPU
		{D94332EF-F67B-4C31-8902-4DE510B10C65}.Release|Any CPU.Build.0 = Release|Any CPU
		{D94332EF-F67B-4C31-8902-4DE510B10C65}.Release|Any CPU.Deploy.0 = Release|Any CPU
		{D94332EF-F67B-4C31-8902-4DE510B10C65}.Release|iPhone.ActiveCfg = Release|Any CPU
		{D94332EF-F67B-4C31-8902-4DE510B10C65}.Release|iPhone.Build.0 = Release|Any CPU
		{D94332EF-F67B-4C31-8902-4DE510B10C65}.Release|iPhone.Deploy.0 = Release|Any CPU
		{D94332EF-F67B-4C31-8902-4DE510B10C65}.Release|iPhoneSimulator.ActiveCfg = Release|Any CPU
		{D94332EF-F67B-4C31-8902-4DE510B10C65}.Release|iPhoneSimulator.Build.0 = Release|Any CPU
		{D94332EF-F67B-4C31-8902-4DE510B10C65}.Release|iPhoneSimulator.Deploy.0 = Release|Any CPU
		{3F47B03E-35BE-43EF-B1D4-FB9D56E63FED}.Ad-Hoc|Any CPU.ActiveCfg = Ad-Hoc|iPhone
		{3F47B03E-35BE-43EF-B1D4-FB9D56E63FED}.Ad-Hoc|Any CPU.Build.0 = Ad-Hoc|iPhone
		{3F47B03E-35BE-43EF-B1D4-FB9D56E63FED}.Ad-Hoc|Any CPU.Deploy.0 = Ad-Hoc|iPhone
		{3F47B03E-35BE-43EF-B1D4-FB9D56E63FED}.Ad-Hoc|iPhone.ActiveCfg = Ad-Hoc|iPhone
		{3F47B03E-35BE-43EF-B1D4-FB9D56E63FED}.Ad-Hoc|iPhone.Build.0 = Ad-Hoc|iPhone
		{3F47B03E-35BE-43EF-B1D4-FB9D56E63FED}.Ad-Hoc|iPhone.Deploy.0 = Ad-Hoc|iPhone
		{3F47B03E-35BE-43EF-B1D4-FB9D56E63FED}.Ad-Hoc|iPhoneSimulator.ActiveCfg = Ad-Hoc|iPhoneSimulator
		{3F47B03E-35BE-43EF-B1D4-FB9D56E63FED}.Ad-Hoc|iPhoneSimulator.Build.0 = Ad-Hoc|iPhoneSimulator
		{3F47B03E-35BE-43EF-B1D4-FB9D56E63FED}.Ad-Hoc|iPhoneSimulator.Deploy.0 = Ad-Hoc|iPhoneSimulator
		{3F47B03E-35BE-43EF-B1D4-FB9D56E63FED}.AppStore|Any CPU.ActiveCfg = AppStore|iPhone
		{3F47B03E-35BE-43EF-B1D4-FB9D56E63FED}.AppStore|Any CPU.Build.0 = AppStore|iPhone
		{3F47B03E-35BE-43EF-B1D4-FB9D56E63FED}.AppStore|Any CPU.Deploy.0 = AppStore|iPhone
		{3F47B03E-35BE-43EF-B1D4-FB9D56E63FED}.AppStore|iPhone.ActiveCfg = AppStore|iPhone
		{3F47B03E-35BE-43EF-B1D4-FB9D56E63FED}.AppStore|iPhone.Build.0 = AppStore|iPhone
		{3F47B03E-35BE-43EF-B1D4-FB9D56E63FED}.AppStore|iPhone.Deploy.0 = AppStore|iPhone
		{3F47B03E-35BE-43EF-B1D4-FB9D56E63FED}.AppStore|iPhoneSimulator.ActiveCfg = AppStore|iPhoneSimulator
		{3F47B03E-35BE-43EF-B1D4-FB9D56E63FED}.AppStore|iPhoneSimulator.Build.0 = AppStore|iPhoneSimulator
		{3F47B03E-35BE-43EF-B1D4-FB9D56E63FED}.AppStore|iPhoneSimulator.Deploy.0 = AppStore|iPhoneSimulator
		{3F47B03E-35BE-43EF-B1D4-FB9D56E63FED}.Debug|Any CPU.ActiveCfg = Debug|iPhoneSimulator
		{3F47B03E-35BE-43EF-B1D4-FB9D56E63FED}.Debug|Any CPU.Build.0 = Debug|iPhoneSimulator
		{3F47B03E-35BE-43EF-B1D4-FB9D56E63FED}.Debug|Any CPU.Deploy.0 = Debug|iPhoneSimulator
		{3F47B03E-35BE-43EF-B1D4-FB9D56E63FED}.Debug|iPhone.ActiveCfg = Debug|iPhone
		{3F47B03E-35BE-43EF-B1D4-FB9D56E63FED}.Debug|iPhone.Build.0 = Debug|iPhone
		{3F47B03E-35BE-43EF-B1D4-FB9D56E63FED}.Debug|iPhone.Deploy.0 = Debug|iPhone
		{3F47B03E-35BE-43EF-B1D4-FB9D56E63FED}.Debug|iPhoneSimulator.ActiveCfg = Debug|iPhoneSimulator
		{3F47B03E-35BE-43EF-B1D4-FB9D56E63FED}.Debug|iPhoneSimulator.Build.0 = Debug|iPhoneSimulator
		{3F47B03E-35BE-43EF-B1D4-FB9D56E63FED}.Debug|iPhoneSimulator.Deploy.0 = Debug|iPhoneSimulator
		{3F47B03E-35BE-43EF-B1D4-FB9D56E63FED}.Release|Any CPU.ActiveCfg = Release|iPhone
		{3F47B03E-35BE-43EF-B1D4-FB9D56E63FED}.Release|Any CPU.Build.0 = Release|iPhone
		{3F47B03E-35BE-43EF-B1D4-FB9D56E63FED}.Release|Any CPU.Deploy.0 = Release|iPhone
		{3F47B03E-35BE-43EF-B1D4-FB9D56E63FED}.Release|iPhone.ActiveCfg = Release|iPhone
		{3F47B03E-35BE-43EF-B1D4-FB9D56E63FED}.Release|iPhone.Build.0 = Release|iPhone
		{3F47B03E-35BE-43EF-B1D4-FB9D56E63FED}.Release|iPhone.Deploy.0 = Release|iPhone
		{3F47B03E-35BE-43EF-B1D4-FB9D56E63FED}.Release|iPhoneSimulator.ActiveCfg = Release|iPhoneSimulator
		{3F47B03E-35BE-43EF-B1D4-FB9D56E63FED}.Release|iPhoneSimulator.Build.0 = Release|iPhoneSimulator
		{3F47B03E-35BE-43EF-B1D4-FB9D56E63FED}.Release|iPhoneSimulator.Deploy.0 = Release|iPhoneSimulator
		{0A653BA1-0379-45E2-8CAF-0F8F262A6165}.Ad-Hoc|Any CPU.ActiveCfg = Debug|Any CPU
		{0A653BA1-0379-45E2-8CAF-0F8F262A6165}.Ad-Hoc|Any CPU.Build.0 = Debug|Any CPU
		{0A653BA1-0379-45E2-8CAF-0F8F262A6165}.Ad-Hoc|Any CPU.Deploy.0 = Debug|Any CPU
		{0A653BA1-0379-45E2-8CAF-0F8F262A6165}.Ad-Hoc|iPhone.ActiveCfg = Debug|Any CPU
		{0A653BA1-0379-45E2-8CAF-0F8F262A6165}.Ad-Hoc|iPhone.Build.0 = Debug|Any CPU
		{0A653BA1-0379-45E2-8CAF-0F8F262A6165}.Ad-Hoc|iPhone.Deploy.0 = Debug|Any CPU
		{0A653BA1-0379-45E2-8CAF-0F8F262A6165}.Ad-Hoc|iPhoneSimulator.ActiveCfg = Debug|Any CPU
		{0A653BA1-0379-45E2-8CAF-0F8F262A6165}.Ad-Hoc|iPhoneSimulator.Build.0 = Debug|Any CPU
		{0A653BA1-0379-45E2-8CAF-0F8F262A6165}.Ad-Hoc|iPhoneSimulator.Deploy.0 = Debug|Any CPU
		{0A653BA1-0379-45E2-8CAF-0F8F262A6165}.AppStore|Any CPU.ActiveCfg = Debug|Any CPU
		{0A653BA1-0379-45E2-8CAF-0F8F262A6165}.AppStore|Any CPU.Build.0 = Debug|Any CPU
		{0A653BA1-0379-45E2-8CAF-0F8F262A6165}.AppStore|Any CPU.Deploy.0 = Debug|Any CPU
		{0A653BA1-0379-45E2-8CAF-0F8F262A6165}.AppStore|iPhone.ActiveCfg = Debug|Any CPU
		{0A653BA1-0379-45E2-8CAF-0F8F262A6165}.AppStore|iPhone.Build.0 = Debug|Any CPU
		{0A653BA1-0379-45E2-8CAF-0F8F262A6165}.AppStore|iPhone.Deploy.0 = Debug|Any CPU
		{0A653BA1-0379-45E2-8CAF-0F8F262A6165}.AppStore|iPhoneSimulator.ActiveCfg = Debug|Any CPU
		{0A653BA1-0379-45E2-8CAF-0F8F262A6165}.AppStore|iPhoneSimulator.Build.0 = Debug|Any CPU
		{0A653BA1-0379-45E2-8CAF-0F8F262A6165}.AppStore|iPhoneSimulator.Deploy.0 = Debug|Any CPU
		{0A653BA1-0379-45E2-8CAF-0F8F262A6165}.Debug|Any CPU.ActiveCfg = Debug|Any CPU
		{0A653BA1-0379-45E2-8CAF-0F8F262A6165}.Debug|Any CPU.Build.0 = Debug|Any CPU
		{0A653BA1-0379-45E2-8CAF-0F8F262A6165}.Debug|Any CPU.Deploy.0 = Debug|Any CPU
		{0A653BA1-0379-45E2-8CAF-0F8F262A6165}.Debug|iPhone.ActiveCfg = Debug|Any CPU
		{0A653BA1-0379-45E2-8CAF-0F8F262A6165}.Debug|iPhone.Build.0 = Debug|Any CPU
		{0A653BA1-0379-45E2-8CAF-0F8F262A6165}.Debug|iPhone.Deploy.0 = Debug|Any CPU
		{0A653BA1-0379-45E2-8CAF-0F8F262A6165}.Debug|iPhoneSimulator.ActiveCfg = Debug|Any CPU
		{0A653BA1-0379-45E2-8CAF-0F8F262A6165}.Debug|iPhoneSimulator.Build.0 = Debug|Any CPU
		{0A653BA1-0379-45E2-8CAF-0F8F262A6165}.Debug|iPhoneSimulator.Deploy.0 = Debug|Any CPU
		{0A653BA1-0379-45E2-8CAF-0F8F262A6165}.Release|Any CPU.ActiveCfg = Release|Any CPU
		{0A653BA1-0379-45E2-8CAF-0F8F262A6165}.Release|Any CPU.Build.0 = Release|Any CPU
		{0A653BA1-0379-45E2-8CAF-0F8F262A6165}.Release|Any CPU.Deploy.0 = Release|Any CPU
		{0A653BA1-0379-45E2-8CAF-0F8F262A6165}.Release|iPhone.ActiveCfg = Release|Any CPU
		{0A653BA1-0379-45E2-8CAF-0F8F262A6165}.Release|iPhone.Build.0 = Release|Any CPU
		{0A653BA1-0379-45E2-8CAF-0F8F262A6165}.Release|iPhone.Deploy.0 = Release|Any CPU
		{0A653BA1-0379-45E2-8CAF-0F8F262A6165}.Release|iPhoneSimulator.ActiveCfg = Release|Any CPU
		{0A653BA1-0379-45E2-8CAF-0F8F262A6165}.Release|iPhoneSimulator.Build.0 = Release|Any CPU
		{0A653BA1-0379-45E2-8CAF-0F8F262A6165}.Release|iPhoneSimulator.Deploy.0 = Release|Any CPU
	EndGlobalSection
	GlobalSection(SolutionProperties) = preSolution
		HideSolutionNode = FALSE
	EndGlobalSection
	GlobalSection(ExtensibilityGlobals) = postSolution
		SolutionGuid = {ABCE033B-6938-46E0-9649-E8DB42DFEB6E}
	EndGlobalSection
EndGlobal
