
Microsoft Visual Studio Solution File, Format Version 12.00
# Visual Studio 15
VisualStudioVersion = 15.0.28307.271
MinimumVisualStudioVersion = 10.0.40219.1
Project("{FAE04EC0-301F-11D3-BF4B-00C04F79EFBC}") = "App1_CELL.Android", "App1_CELL\App1_CELL.Android\App1_CELL.Android.csproj", "{E62575A9-4BF7-4EDC-BC7D-4F40A8396269}"
EndProject
Project("{FAE04EC0-301F-11D3-BF4B-00C04F79EFBC}") = "App1_CELL.iOS", "App1_CELL\App1_CELL.iOS\App1_CELL.iOS.csproj", "{B6D92077-BC0B-412E-BDB0-FEC8A2027251}"
EndProject
Project("{FAE04EC0-301F-11D3-BF4B-00C04F79EFBC}") = "App1_CELL.UWP", "App1_CELL\App1_CELL.UWP\App1_CELL.UWP.csproj", "{5EBEDE28-AA11-4D22-A5CD-38061F1FEB7A}"
EndProject
Project("{FAE04EC0-301F-11D3-BF4B-00C04F79EFBC}") = "App1_CELL", "App1_CELL\App1_CELL\App1_CELL.csproj", "{B5605142-D447-4C2B-9C4C-808C19F9EC7B}"
EndProject
Global
	GlobalSection(SolutionConfigurationPlatforms) = preSolution
		Ad-Hoc|Any CPU = Ad-Hoc|Any CPU
		Ad-Hoc|ARM = Ad-Hoc|ARM
		Ad-Hoc|iPhone = Ad-Hoc|iPhone
		Ad-Hoc|iPhoneSimulator = Ad-Hoc|iPhoneSimulator
		Ad-Hoc|x64 = Ad-Hoc|x64
		Ad-Hoc|x86 = Ad-Hoc|x86
		AppStore|Any CPU = AppStore|Any CPU
		AppStore|ARM = AppStore|ARM
		AppStore|iPhone = AppStore|iPhone
		AppStore|iPhoneSimulator = AppStore|iPhoneSimulator
		AppStore|x64 = AppStore|x64
		AppStore|x86 = AppStore|x86
		Debug|Any CPU = Debug|Any CPU
		Debug|ARM = Debug|ARM
		Debug|iPhone = Debug|iPhone
		Debug|iPhoneSimulator = Debug|iPhoneSimulator
		Debug|x64 = Debug|x64
		Debug|x86 = Debug|x86
		Release|Any CPU = Release|Any CPU
		Release|ARM = Release|ARM
		Release|iPhone = Release|iPhone
		Release|iPhoneSimulator = Release|iPhoneSimulator
		Release|x64 = Release|x64
		Release|x86 = Release|x86
	EndGlobalSection
	GlobalSection(ProjectConfigurationPlatforms) = postSolution
		{E62575A9-4BF7-4EDC-BC7D-4F40A8396269}.Ad-Hoc|Any CPU.ActiveCfg = Release|Any CPU
		{E62575A9-4BF7-4EDC-BC7D-4F40A8396269}.Ad-Hoc|Any CPU.Build.0 = Release|Any CPU
		{E62575A9-4BF7-4EDC-BC7D-4F40A8396269}.Ad-Hoc|Any CPU.Deploy.0 = Release|Any CPU
		{E62575A9-4BF7-4EDC-BC7D-4F40A8396269}.Ad-Hoc|ARM.ActiveCfg = Release|Any CPU
		{E62575A9-4BF7-4EDC-BC7D-4F40A8396269}.Ad-Hoc|ARM.Build.0 = Release|Any CPU
		{E62575A9-4BF7-4EDC-BC7D-4F40A8396269}.Ad-Hoc|ARM.Deploy.0 = Release|Any CPU
		{E62575A9-4BF7-4EDC-BC7D-4F40A8396269}.Ad-Hoc|iPhone.ActiveCfg = Release|Any CPU
		{E62575A9-4BF7-4EDC-BC7D-4F40A8396269}.Ad-Hoc|iPhone.Build.0 = Release|Any CPU
		{E62575A9-4BF7-4EDC-BC7D-4F40A8396269}.Ad-Hoc|iPhone.Deploy.0 = Release|Any CPU
		{E62575A9-4BF7-4EDC-BC7D-4F40A8396269}.Ad-Hoc|iPhoneSimulator.ActiveCfg = Release|Any CPU
		{E62575A9-4BF7-4EDC-BC7D-4F40A8396269}.Ad-Hoc|iPhoneSimulator.Build.0 = Release|Any CPU
		{E62575A9-4BF7-4EDC-BC7D-4F40A8396269}.Ad-Hoc|iPhoneSimulator.Deploy.0 = Release|Any CPU
		{E62575A9-4BF7-4EDC-BC7D-4F40A8396269}.Ad-Hoc|x64.ActiveCfg = Release|Any CPU
		{E62575A9-4BF7-4EDC-BC7D-4F40A8396269}.Ad-Hoc|x64.Build.0 = Release|Any CPU
		{E62575A9-4BF7-4EDC-BC7D-4F40A8396269}.Ad-Hoc|x64.Deploy.0 = Release|Any CPU
		{E62575A9-4BF7-4EDC-BC7D-4F40A8396269}.Ad-Hoc|x86.ActiveCfg = Release|Any CPU
		{E62575A9-4BF7-4EDC-BC7D-4F40A8396269}.Ad-Hoc|x86.Build.0 = Release|Any CPU
		{E62575A9-4BF7-4EDC-BC7D-4F40A8396269}.Ad-Hoc|x86.Deploy.0 = Release|Any CPU
		{E62575A9-4BF7-4EDC-BC7D-4F40A8396269}.AppStore|Any CPU.ActiveCfg = Release|Any CPU
		{E62575A9-4BF7-4EDC-BC7D-4F40A8396269}.AppStore|Any CPU.Build.0 = Release|Any CPU
		{E62575A9-4BF7-4EDC-BC7D-4F40A8396269}.AppStore|Any CPU.Deploy.0 = Release|Any CPU
		{E62575A9-4BF7-4EDC-BC7D-4F40A8396269}.AppStore|ARM.ActiveCfg = Release|Any CPU
		{E62575A9-4BF7-4EDC-BC7D-4F40A8396269}.AppStore|ARM.Build.0 = Release|Any CPU
		{E62575A9-4BF7-4EDC-BC7D-4F40A8396269}.AppStore|ARM.Deploy.0 = Release|Any CPU
		{E62575A9-4BF7-4EDC-BC7D-4F40A8396269}.AppStore|iPhone.ActiveCfg = Release|Any CPU
		{E62575A9-4BF7-4EDC-BC7D-4F40A8396269}.AppStore|iPhone.Build.0 = Release|Any CPU
		{E62575A9-4BF7-4EDC-BC7D-4F40A8396269}.AppStore|iPhone.Deploy.0 = Release|Any CPU
		{E62575A9-4BF7-4EDC-BC7D-4F40A8396269}.AppStore|iPhoneSimulator.ActiveCfg = Release|Any CPU
		{E62575A9-4BF7-4EDC-BC7D-4F40A8396269}.AppStore|iPhoneSimulator.Build.0 = Release|Any CPU
		{E62575A9-4BF7-4EDC-BC7D-4F40A8396269}.AppStore|iPhoneSimulator.Deploy.0 = Release|Any CPU
		{E62575A9-4BF7-4EDC-BC7D-4F40A8396269}.AppStore|x64.ActiveCfg = Release|Any CPU
		{E62575A9-4BF7-4EDC-BC7D-4F40A8396269}.AppStore|x64.Build.0 = Release|Any CPU
		{E62575A9-4BF7-4EDC-BC7D-4F40A8396269}.AppStore|x64.Deploy.0 = Release|Any CPU
		{E62575A9-4BF7-4EDC-BC7D-4F40A8396269}.AppStore|x86.ActiveCfg = Release|Any CPU
		{E62575A9-4BF7-4EDC-BC7D-4F40A8396269}.AppStore|x86.Build.0 = Release|Any CPU
		{E62575A9-4BF7-4EDC-BC7D-4F40A8396269}.AppStore|x86.Deploy.0 = Release|Any CPU
		{E62575A9-4BF7-4EDC-BC7D-4F40A8396269}.Debug|Any CPU.ActiveCfg = Debug|Any CPU
		{E62575A9-4BF7-4EDC-BC7D-4F40A8396269}.Debug|Any CPU.Build.0 = Debug|Any CPU
		{E62575A9-4BF7-4EDC-BC7D-4F40A8396269}.Debug|Any CPU.Deploy.0 = Debug|Any CPU
		{E62575A9-4BF7-4EDC-BC7D-4F40A8396269}.Debug|ARM.ActiveCfg = Debug|Any CPU
		{E62575A9-4BF7-4EDC-BC7D-4F40A8396269}.Debug|ARM.Build.0 = Debug|Any CPU
		{E62575A9-4BF7-4EDC-BC7D-4F40A8396269}.Debug|ARM.Deploy.0 = Debug|Any CPU
		{E62575A9-4BF7-4EDC-BC7D-4F40A8396269}.Debug|iPhone.ActiveCfg = Debug|Any CPU
		{E62575A9-4BF7-4EDC-BC7D-4F40A8396269}.Debug|iPhone.Build.0 = Debug|Any CPU
		{E62575A9-4BF7-4EDC-BC7D-4F40A8396269}.Debug|iPhone.Deploy.0 = Debug|Any CPU
		{E62575A9-4BF7-4EDC-BC7D-4F40A8396269}.Debug|iPhoneSimulator.ActiveCfg = Debug|Any CPU
		{E62575A9-4BF7-4EDC-BC7D-4F40A8396269}.Debug|iPhoneSimulator.Build.0 = Debug|Any CPU
		{E62575A9-4BF7-4EDC-BC7D-4F40A8396269}.Debug|iPhoneSimulator.Deploy.0 = Debug|Any CPU
		{E62575A9-4BF7-4EDC-BC7D-4F40A8396269}.Debug|x64.ActiveCfg = Debug|Any CPU
		{E62575A9-4BF7-4EDC-BC7D-4F40A8396269}.Debug|x64.Build.0 = Debug|Any CPU
		{E62575A9-4BF7-4EDC-BC7D-4F40A8396269}.Debug|x64.Deploy.0 = Debug|Any CPU
		{E62575A9-4BF7-4EDC-BC7D-4F40A8396269}.Debug|x86.ActiveCfg = Debug|Any CPU
		{E62575A9-4BF7-4EDC-BC7D-4F40A8396269}.Debug|x86.Build.0 = Debug|Any CPU
		{E62575A9-4BF7-4EDC-BC7D-4F40A8396269}.Debug|x86.Deploy.0 = Debug|Any CPU
		{E62575A9-4BF7-4EDC-BC7D-4F40A8396269}.Release|Any CPU.ActiveCfg = Release|Any CPU
		{E62575A9-4BF7-4EDC-BC7D-4F40A8396269}.Release|Any CPU.Build.0 = Release|Any CPU
		{E62575A9-4BF7-4EDC-BC7D-4F40A8396269}.Release|Any CPU.Deploy.0 = Release|Any CPU
		{E62575A9-4BF7-4EDC-BC7D-4F40A8396269}.Release|ARM.ActiveCfg = Release|Any CPU
		{E62575A9-4BF7-4EDC-BC7D-4F40A8396269}.Release|ARM.Build.0 = Release|Any CPU
		{E62575A9-4BF7-4EDC-BC7D-4F40A8396269}.Release|ARM.Deploy.0 = Release|Any CPU
		{E62575A9-4BF7-4EDC-BC7D-4F40A8396269}.Release|iPhone.ActiveCfg = Release|Any CPU
		{E62575A9-4BF7-4EDC-BC7D-4F40A8396269}.Release|iPhone.Build.0 = Release|Any CPU
		{E62575A9-4BF7-4EDC-BC7D-4F40A8396269}.Release|iPhone.Deploy.0 = Release|Any CPU
		{E62575A9-4BF7-4EDC-BC7D-4F40A8396269}.Release|iPhoneSimulator.ActiveCfg = Release|Any CPU
		{E62575A9-4BF7-4EDC-BC7D-4F40A8396269}.Release|iPhoneSimulator.Build.0 = Release|Any CPU
		{E62575A9-4BF7-4EDC-BC7D-4F40A8396269}.Release|iPhoneSimulator.Deploy.0 = Release|Any CPU
		{E62575A9-4BF7-4EDC-BC7D-4F40A8396269}.Release|x64.ActiveCfg = Release|Any CPU
		{E62575A9-4BF7-4EDC-BC7D-4F40A8396269}.Release|x64.Build.0 = Release|Any CPU
		{E62575A9-4BF7-4EDC-BC7D-4F40A8396269}.Release|x64.Deploy.0 = Release|Any CPU
		{E62575A9-4BF7-4EDC-BC7D-4F40A8396269}.Release|x86.ActiveCfg = Release|Any CPU
		{E62575A9-4BF7-4EDC-BC7D-4F40A8396269}.Release|x86.Build.0 = Release|Any CPU
		{E62575A9-4BF7-4EDC-BC7D-4F40A8396269}.Release|x86.Deploy.0 = Release|Any CPU
		{B6D92077-BC0B-412E-BDB0-FEC8A2027251}.Ad-Hoc|Any CPU.ActiveCfg = Ad-Hoc|iPhone
		{B6D92077-BC0B-412E-BDB0-FEC8A2027251}.Ad-Hoc|Any CPU.Build.0 = Ad-Hoc|iPhone
		{B6D92077-BC0B-412E-BDB0-FEC8A2027251}.Ad-Hoc|Any CPU.Deploy.0 = Ad-Hoc|iPhone
		{B6D92077-BC0B-412E-BDB0-FEC8A2027251}.Ad-Hoc|ARM.ActiveCfg = Ad-Hoc|iPhone
		{B6D92077-BC0B-412E-BDB0-FEC8A2027251}.Ad-Hoc|ARM.Build.0 = Ad-Hoc|iPhone
		{B6D92077-BC0B-412E-BDB0-FEC8A2027251}.Ad-Hoc|ARM.Deploy.0 = Ad-Hoc|iPhone
		{B6D92077-BC0B-412E-BDB0-FEC8A2027251}.Ad-Hoc|iPhone.ActiveCfg = Ad-Hoc|iPhone
		{B6D92077-BC0B-412E-BDB0-FEC8A2027251}.Ad-Hoc|iPhone.Build.0 = Ad-Hoc|iPhone
		{B6D92077-BC0B-412E-BDB0-FEC8A2027251}.Ad-Hoc|iPhone.Deploy.0 = Ad-Hoc|iPhone
		{B6D92077-BC0B-412E-BDB0-FEC8A2027251}.Ad-Hoc|iPhoneSimulator.ActiveCfg = Ad-Hoc|iPhoneSimulator
		{B6D92077-BC0B-412E-BDB0-FEC8A2027251}.Ad-Hoc|iPhoneSimulator.Build.0 = Ad-Hoc|iPhoneSimulator
		{B6D92077-BC0B-412E-BDB0-FEC8A2027251}.Ad-Hoc|iPhoneSimulator.Deploy.0 = Ad-Hoc|iPhoneSimulator
		{B6D92077-BC0B-412E-BDB0-FEC8A2027251}.Ad-Hoc|x64.ActiveCfg = Ad-Hoc|iPhone
		{B6D92077-BC0B-412E-BDB0-FEC8A2027251}.Ad-Hoc|x64.Build.0 = Ad-Hoc|iPhone
		{B6D92077-BC0B-412E-BDB0-FEC8A2027251}.Ad-Hoc|x64.Deploy.0 = Ad-Hoc|iPhone
		{B6D92077-BC0B-412E-BDB0-FEC8A2027251}.Ad-Hoc|x86.ActiveCfg = Ad-Hoc|iPhone
		{B6D92077-BC0B-412E-BDB0-FEC8A2027251}.Ad-Hoc|x86.Build.0 = Ad-Hoc|iPhone
		{B6D92077-BC0B-412E-BDB0-FEC8A2027251}.Ad-Hoc|x86.Deploy.0 = Ad-Hoc|iPhone
		{B6D92077-BC0B-412E-BDB0-FEC8A2027251}.AppStore|Any CPU.ActiveCfg = AppStore|iPhone
		{B6D92077-BC0B-412E-BDB0-FEC8A2027251}.AppStore|Any CPU.Build.0 = AppStore|iPhone
		{B6D92077-BC0B-412E-BDB0-FEC8A2027251}.AppStore|Any CPU.Deploy.0 = AppStore|iPhone
		{B6D92077-BC0B-412E-BDB0-FEC8A2027251}.AppStore|ARM.ActiveCfg = AppStore|iPhone
		{B6D92077-BC0B-412E-BDB0-FEC8A2027251}.AppStore|ARM.Build.0 = AppStore|iPhone
		{B6D92077-BC0B-412E-BDB0-FEC8A2027251}.AppStore|ARM.Deploy.0 = AppStore|iPhone
		{B6D92077-BC0B-412E-BDB0-FEC8A2027251}.AppStore|iPhone.ActiveCfg = AppStore|iPhone
		{B6D92077-BC0B-412E-BDB0-FEC8A2027251}.AppStore|iPhone.Build.0 = AppStore|iPhone
		{B6D92077-BC0B-412E-BDB0-FEC8A2027251}.AppStore|iPhone.Deploy.0 = AppStore|iPhone
		{B6D92077-BC0B-412E-BDB0-FEC8A2027251}.AppStore|iPhoneSimulator.ActiveCfg = AppStore|iPhoneSimulator
		{B6D92077-BC0B-412E-BDB0-FEC8A2027251}.AppStore|iPhoneSimulator.Build.0 = AppStore|iPhoneSimulator
		{B6D92077-BC0B-412E-BDB0-FEC8A2027251}.AppStore|iPhoneSimulator.Deploy.0 = AppStore|iPhoneSimulator
		{B6D92077-BC0B-412E-BDB0-FEC8A2027251}.AppStore|x64.ActiveCfg = AppStore|iPhone
		{B6D92077-BC0B-412E-BDB0-FEC8A2027251}.AppStore|x64.Build.0 = AppStore|iPhone
		{B6D92077-BC0B-412E-BDB0-FEC8A2027251}.AppStore|x64.Deploy.0 = AppStore|iPhone
		{B6D92077-BC0B-412E-BDB0-FEC8A2027251}.AppStore|x86.ActiveCfg = AppStore|iPhone
		{B6D92077-BC0B-412E-BDB0-FEC8A2027251}.AppStore|x86.Build.0 = AppStore|iPhone
		{B6D92077-BC0B-412E-BDB0-FEC8A2027251}.AppStore|x86.Deploy.0 = AppStore|iPhone
		{B6D92077-BC0B-412E-BDB0-FEC8A2027251}.Debug|Any CPU.ActiveCfg = Debug|iPhoneSimulator
		{B6D92077-BC0B-412E-BDB0-FEC8A2027251}.Debug|Any CPU.Build.0 = Debug|iPhoneSimulator
		{B6D92077-BC0B-412E-BDB0-FEC8A2027251}.Debug|Any CPU.Deploy.0 = Debug|iPhoneSimulator
		{B6D92077-BC0B-412E-BDB0-FEC8A2027251}.Debug|ARM.ActiveCfg = Debug|iPhone
		{B6D92077-BC0B-412E-BDB0-FEC8A2027251}.Debug|ARM.Build.0 = Debug|iPhone
		{B6D92077-BC0B-412E-BDB0-FEC8A2027251}.Debug|ARM.Deploy.0 = Debug|iPhone
		{B6D92077-BC0B-412E-BDB0-FEC8A2027251}.Debug|iPhone.ActiveCfg = Debug|iPhone
		{B6D92077-BC0B-412E-BDB0-FEC8A2027251}.Debug|iPhone.Build.0 = Debug|iPhone
		{B6D92077-BC0B-412E-BDB0-FEC8A2027251}.Debug|iPhone.Deploy.0 = Debug|iPhone
		{B6D92077-BC0B-412E-BDB0-FEC8A2027251}.Debug|iPhoneSimulator.ActiveCfg = Debug|iPhoneSimulator
		{B6D92077-BC0B-412E-BDB0-FEC8A2027251}.Debug|iPhoneSimulator.Build.0 = Debug|iPhoneSimulator
		{B6D92077-BC0B-412E-BDB0-FEC8A2027251}.Debug|iPhoneSimulator.Deploy.0 = Debug|iPhoneSimulator
		{B6D92077-BC0B-412E-BDB0-FEC8A2027251}.Debug|x64.ActiveCfg = Debug|iPhone
		{B6D92077-BC0B-412E-BDB0-FEC8A2027251}.Debug|x64.Build.0 = Debug|iPhone
		{B6D92077-BC0B-412E-BDB0-FEC8A2027251}.Debug|x64.Deploy.0 = Debug|iPhone
		{B6D92077-BC0B-412E-BDB0-FEC8A2027251}.Debug|x86.ActiveCfg = Debug|iPhone
		{B6D92077-BC0B-412E-BDB0-FEC8A2027251}.Debug|x86.Build.0 = Debug|iPhone
		{B6D92077-BC0B-412E-BDB0-FEC8A2027251}.Debug|x86.Deploy.0 = Debug|iPhone
		{B6D92077-BC0B-412E-BDB0-FEC8A2027251}.Release|Any CPU.ActiveCfg = Release|iPhone
		{B6D92077-BC0B-412E-BDB0-FEC8A2027251}.Release|Any CPU.Build.0 = Release|iPhone
		{B6D92077-BC0B-412E-BDB0-FEC8A2027251}.Release|Any CPU.Deploy.0 = Release|iPhone
		{B6D92077-BC0B-412E-BDB0-FEC8A2027251}.Release|ARM.ActiveCfg = Release|iPhone
		{B6D92077-BC0B-412E-BDB0-FEC8A2027251}.Release|ARM.Build.0 = Release|iPhone
		{B6D92077-BC0B-412E-BDB0-FEC8A2027251}.Release|ARM.Deploy.0 = Release|iPhone
		{B6D92077-BC0B-412E-BDB0-FEC8A2027251}.Release|iPhone.ActiveCfg = Release|iPhone
		{B6D92077-BC0B-412E-BDB0-FEC8A2027251}.Release|iPhone.Build.0 = Release|iPhone
		{B6D92077-BC0B-412E-BDB0-FEC8A2027251}.Release|iPhone.Deploy.0 = Release|iPhone
		{B6D92077-BC0B-412E-BDB0-FEC8A2027251}.Release|iPhoneSimulator.ActiveCfg = Release|iPhoneSimulator
		{B6D92077-BC0B-412E-BDB0-FEC8A2027251}.Release|iPhoneSimulator.Build.0 = Release|iPhoneSimulator
		{B6D92077-BC0B-412E-BDB0-FEC8A2027251}.Release|iPhoneSimulator.Deploy.0 = Release|iPhoneSimulator
		{B6D92077-BC0B-412E-BDB0-FEC8A2027251}.Release|x64.ActiveCfg = Release|iPhone
		{B6D92077-BC0B-412E-BDB0-FEC8A2027251}.Release|x64.Build.0 = Release|iPhone
		{B6D92077-BC0B-412E-BDB0-FEC8A2027251}.Release|x64.Deploy.0 = Release|iPhone
		{B6D92077-BC0B-412E-BDB0-FEC8A2027251}.Release|x86.ActiveCfg = Release|iPhone
		{B6D92077-BC0B-412E-BDB0-FEC8A2027251}.Release|x86.Build.0 = Release|iPhone
		{B6D92077-BC0B-412E-BDB0-FEC8A2027251}.Release|x86.Deploy.0 = Release|iPhone
		{5EBEDE28-AA11-4D22-A5CD-38061F1FEB7A}.Ad-Hoc|Any CPU.ActiveCfg = Release|x86
		{5EBEDE28-AA11-4D22-A5CD-38061F1FEB7A}.Ad-Hoc|Any CPU.Build.0 = Release|x86
		{5EBEDE28-AA11-4D22-A5CD-38061F1FEB7A}.Ad-Hoc|Any CPU.Deploy.0 = Release|x86
		{5EBEDE28-AA11-4D22-A5CD-38061F1FEB7A}.Ad-Hoc|ARM.ActiveCfg = Release|ARM
		{5EBEDE28-AA11-4D22-A5CD-38061F1FEB7A}.Ad-Hoc|ARM.Build.0 = Release|ARM
		{5EBEDE28-AA11-4D22-A5CD-38061F1FEB7A}.Ad-Hoc|ARM.Deploy.0 = Release|ARM
		{5EBEDE28-AA11-4D22-A5CD-38061F1FEB7A}.Ad-Hoc|iPhone.ActiveCfg = Release|x86
		{5EBEDE28-AA11-4D22-A5CD-38061F1FEB7A}.Ad-Hoc|iPhone.Build.0 = Release|x86
		{5EBEDE28-AA11-4D22-A5CD-38061F1FEB7A}.Ad-Hoc|iPhone.Deploy.0 = Release|x86
		{5EBEDE28-AA11-4D22-A5CD-38061F1FEB7A}.Ad-Hoc|iPhoneSimulator.ActiveCfg = Release|x86
		{5EBEDE28-AA11-4D22-A5CD-38061F1FEB7A}.Ad-Hoc|iPhoneSimulator.Build.0 = Release|x86
		{5EBEDE28-AA11-4D22-A5CD-38061F1FEB7A}.Ad-Hoc|iPhoneSimulator.Deploy.0 = Release|x86
		{5EBEDE28-AA11-4D22-A5CD-38061F1FEB7A}.Ad-Hoc|x64.ActiveCfg = Release|x64
		{5EBEDE28-AA11-4D22-A5CD-38061F1FEB7A}.Ad-Hoc|x64.Build.0 = Release|x64
		{5EBEDE28-AA11-4D22-A5CD-38061F1FEB7A}.Ad-Hoc|x64.Deploy.0 = Release|x64
		{5EBEDE28-AA11-4D22-A5CD-38061F1FEB7A}.Ad-Hoc|x86.ActiveCfg = Release|x86
		{5EBEDE28-AA11-4D22-A5CD-38061F1FEB7A}.Ad-Hoc|x86.Build.0 = Release|x86
		{5EBEDE28-AA11-4D22-A5CD-38061F1FEB7A}.Ad-Hoc|x86.Deploy.0 = Release|x86
		{5EBEDE28-AA11-4D22-A5CD-38061F1FEB7A}.AppStore|Any CPU.ActiveCfg = Release|x86
		{5EBEDE28-AA11-4D22-A5CD-38061F1FEB7A}.AppStore|Any CPU.Build.0 = Release|x86
		{5EBEDE28-AA11-4D22-A5CD-38061F1FEB7A}.AppStore|Any CPU.Deploy.0 = Release|x86
		{5EBEDE28-AA11-4D22-A5CD-38061F1FEB7A}.AppStore|ARM.ActiveCfg = Release|ARM
		{5EBEDE28-AA11-4D22-A5CD-38061F1FEB7A}.AppStore|ARM.Build.0 = Release|ARM
		{5EBEDE28-AA11-4D22-A5CD-38061F1FEB7A}.AppStore|ARM.Deploy.0 = Release|ARM
		{5EBEDE28-AA11-4D22-A5CD-38061F1FEB7A}.AppStore|iPhone.ActiveCfg = Release|x86
		{5EBEDE28-AA11-4D22-A5CD-38061F1FEB7A}.AppStore|iPhone.Build.0 = Release|x86
		{5EBEDE28-AA11-4D22-A5CD-38061F1FEB7A}.AppStore|iPhone.Deploy.0 = Release|x86
		{5EBEDE28-AA11-4D22-A5CD-38061F1FEB7A}.AppStore|iPhoneSimulator.ActiveCfg = Release|x86
		{5EBEDE28-AA11-4D22-A5CD-38061F1FEB7A}.AppStore|iPhoneSimulator.Build.0 = Release|x86
		{5EBEDE28-AA11-4D22-A5CD-38061F1FEB7A}.AppStore|iPhoneSimulator.Deploy.0 = Release|x86
		{5EBEDE28-AA11-4D22-A5CD-38061F1FEB7A}.AppStore|x64.ActiveCfg = Release|x64
		{5EBEDE28-AA11-4D22-A5CD-38061F1FEB7A}.AppStore|x64.Build.0 = Release|x64
		{5EBEDE28-AA11-4D22-A5CD-38061F1FEB7A}.AppStore|x64.Deploy.0 = Release|x64
		{5EBEDE28-AA11-4D22-A5CD-38061F1FEB7A}.AppStore|x86.ActiveCfg = Release|x86
		{5EBEDE28-AA11-4D22-A5CD-38061F1FEB7A}.AppStore|x86.Build.0 = Release|x86
		{5EBEDE28-AA11-4D22-A5CD-38061F1FEB7A}.AppStore|x86.Deploy.0 = Release|x86
		{5EBEDE28-AA11-4D22-A5CD-38061F1FEB7A}.Debug|Any CPU.ActiveCfg = Debug|x86
		{5EBEDE28-AA11-4D22-A5CD-38061F1FEB7A}.Debug|Any CPU.Build.0 = Debug|x86
		{5EBEDE28-AA11-4D22-A5CD-38061F1FEB7A}.Debug|Any CPU.Deploy.0 = Debug|x86
		{5EBEDE28-AA11-4D22-A5CD-38061F1FEB7A}.Debug|ARM.ActiveCfg = Debug|ARM
		{5EBEDE28-AA11-4D22-A5CD-38061F1FEB7A}.Debug|ARM.Build.0 = Debug|ARM
		{5EBEDE28-AA11-4D22-A5CD-38061F1FEB7A}.Debug|ARM.Deploy.0 = Debug|ARM
		{5EBEDE28-AA11-4D22-A5CD-38061F1FEB7A}.Debug|iPhone.ActiveCfg = Debug|x86
		{5EBEDE28-AA11-4D22-A5CD-38061F1FEB7A}.Debug|iPhone.Build.0 = Debug|x86
		{5EBEDE28-AA11-4D22-A5CD-38061F1FEB7A}.Debug|iPhone.Deploy.0 = Debug|x86
		{5EBEDE28-AA11-4D22-A5CD-38061F1FEB7A}.Debug|iPhoneSimulator.ActiveCfg = Debug|x86
		{5EBEDE28-AA11-4D22-A5CD-38061F1FEB7A}.Debug|iPhoneSimulator.Build.0 = Debug|x86
		{5EBEDE28-AA11-4D22-A5CD-38061F1FEB7A}.Debug|iPhoneSimulator.Deploy.0 = Debug|x86
		{5EBEDE28-AA11-4D22-A5CD-38061F1FEB7A}.Debug|x64.ActiveCfg = Debug|x64
		{5EBEDE28-AA11-4D22-A5CD-38061F1FEB7A}.Debug|x64.Build.0 = Debug|x64
		{5EBEDE28-AA11-4D22-A5CD-38061F1FEB7A}.Debug|x64.Deploy.0 = Debug|x64
		{5EBEDE28-AA11-4D22-A5CD-38061F1FEB7A}.Debug|x86.ActiveCfg = Debug|x86
		{5EBEDE28-AA11-4D22-A5CD-38061F1FEB7A}.Debug|x86.Build.0 = Debug|x86
		{5EBEDE28-AA11-4D22-A5CD-38061F1FEB7A}.Debug|x86.Deploy.0 = Debug|x86
		{5EBEDE28-AA11-4D22-A5CD-38061F1FEB7A}.Release|Any CPU.ActiveCfg = Release|x86
		{5EBEDE28-AA11-4D22-A5CD-38061F1FEB7A}.Release|Any CPU.Build.0 = Release|x86
		{5EBEDE28-AA11-4D22-A5CD-38061F1FEB7A}.Release|Any CPU.Deploy.0 = Release|x86
		{5EBEDE28-AA11-4D22-A5CD-38061F1FEB7A}.Release|ARM.ActiveCfg = Release|ARM
		{5EBEDE28-AA11-4D22-A5CD-38061F1FEB7A}.Release|ARM.Build.0 = Release|ARM
		{5EBEDE28-AA11-4D22-A5CD-38061F1FEB7A}.Release|ARM.Deploy.0 = Release|ARM
		{5EBEDE28-AA11-4D22-A5CD-38061F1FEB7A}.Release|iPhone.ActiveCfg = Release|x86
		{5EBEDE28-AA11-4D22-A5CD-38061F1FEB7A}.Release|iPhone.Build.0 = Release|x86
		{5EBEDE28-AA11-4D22-A5CD-38061F1FEB7A}.Release|iPhone.Deploy.0 = Release|x86
		{5EBEDE28-AA11-4D22-A5CD-38061F1FEB7A}.Release|iPhoneSimulator.ActiveCfg = Release|x86
		{5EBEDE28-AA11-4D22-A5CD-38061F1FEB7A}.Release|iPhoneSimulator.Build.0 = Release|x86
		{5EBEDE28-AA11-4D22-A5CD-38061F1FEB7A}.Release|iPhoneSimulator.Deploy.0 = Release|x86
		{5EBEDE28-AA11-4D22-A5CD-38061F1FEB7A}.Release|x64.ActiveCfg = Release|x64
		{5EBEDE28-AA11-4D22-A5CD-38061F1FEB7A}.Release|x64.Build.0 = Release|x64
		{5EBEDE28-AA11-4D22-A5CD-38061F1FEB7A}.Release|x64.Deploy.0 = Release|x64
		{5EBEDE28-AA11-4D22-A5CD-38061F1FEB7A}.Release|x86.ActiveCfg = Release|x86
		{5EBEDE28-AA11-4D22-A5CD-38061F1FEB7A}.Release|x86.Build.0 = Release|x86
		{5EBEDE28-AA11-4D22-A5CD-38061F1FEB7A}.Release|x86.Deploy.0 = Release|x86
		{B5605142-D447-4C2B-9C4C-808C19F9EC7B}.Ad-Hoc|Any CPU.ActiveCfg = Debug|Any CPU
		{B5605142-D447-4C2B-9C4C-808C19F9EC7B}.Ad-Hoc|Any CPU.Build.0 = Debug|Any CPU
		{B5605142-D447-4C2B-9C4C-808C19F9EC7B}.Ad-Hoc|Any CPU.Deploy.0 = Debug|Any CPU
		{B5605142-D447-4C2B-9C4C-808C19F9EC7B}.Ad-Hoc|ARM.ActiveCfg = Debug|Any CPU
		{B5605142-D447-4C2B-9C4C-808C19F9EC7B}.Ad-Hoc|ARM.Build.0 = Debug|Any CPU
		{B5605142-D447-4C2B-9C4C-808C19F9EC7B}.Ad-Hoc|ARM.Deploy.0 = Debug|Any CPU
		{B5605142-D447-4C2B-9C4C-808C19F9EC7B}.Ad-Hoc|iPhone.ActiveCfg = Debug|Any CPU
		{B5605142-D447-4C2B-9C4C-808C19F9EC7B}.Ad-Hoc|iPhone.Build.0 = Debug|Any CPU
		{B5605142-D447-4C2B-9C4C-808C19F9EC7B}.Ad-Hoc|iPhone.Deploy.0 = Debug|Any CPU
		{B5605142-D447-4C2B-9C4C-808C19F9EC7B}.Ad-Hoc|iPhoneSimulator.ActiveCfg = Debug|Any CPU
		{B5605142-D447-4C2B-9C4C-808C19F9EC7B}.Ad-Hoc|iPhoneSimulator.Build.0 = Debug|Any CPU
		{B5605142-D447-4C2B-9C4C-808C19F9EC7B}.Ad-Hoc|iPhoneSimulator.Deploy.0 = Debug|Any CPU
		{B5605142-D447-4C2B-9C4C-808C19F9EC7B}.Ad-Hoc|x64.ActiveCfg = Debug|Any CPU
		{B5605142-D447-4C2B-9C4C-808C19F9EC7B}.Ad-Hoc|x64.Build.0 = Debug|Any CPU
		{B5605142-D447-4C2B-9C4C-808C19F9EC7B}.Ad-Hoc|x64.Deploy.0 = Debug|Any CPU
		{B5605142-D447-4C2B-9C4C-808C19F9EC7B}.Ad-Hoc|x86.ActiveCfg = Debug|Any CPU
		{B5605142-D447-4C2B-9C4C-808C19F9EC7B}.Ad-Hoc|x86.Build.0 = Debug|Any CPU
		{B5605142-D447-4C2B-9C4C-808C19F9EC7B}.Ad-Hoc|x86.Deploy.0 = Debug|Any CPU
		{B5605142-D447-4C2B-9C4C-808C19F9EC7B}.AppStore|Any CPU.ActiveCfg = Debug|Any CPU
		{B5605142-D447-4C2B-9C4C-808C19F9EC7B}.AppStore|Any CPU.Build.0 = Debug|Any CPU
		{B5605142-D447-4C2B-9C4C-808C19F9EC7B}.AppStore|Any CPU.Deploy.0 = Debug|Any CPU
		{B5605142-D447-4C2B-9C4C-808C19F9EC7B}.AppStore|ARM.ActiveCfg = Debug|Any CPU
		{B5605142-D447-4C2B-9C4C-808C19F9EC7B}.AppStore|ARM.Build.0 = Debug|Any CPU
		{B5605142-D447-4C2B-9C4C-808C19F9EC7B}.AppStore|ARM.Deploy.0 = Debug|Any CPU
		{B5605142-D447-4C2B-9C4C-808C19F9EC7B}.AppStore|iPhone.ActiveCfg = Debug|Any CPU
		{B5605142-D447-4C2B-9C4C-808C19F9EC7B}.AppStore|iPhone.Build.0 = Debug|Any CPU
		{B5605142-D447-4C2B-9C4C-808C19F9EC7B}.AppStore|iPhone.Deploy.0 = Debug|Any CPU
		{B5605142-D447-4C2B-9C4C-808C19F9EC7B}.AppStore|iPhoneSimulator.ActiveCfg = Debug|Any CPU
		{B5605142-D447-4C2B-9C4C-808C19F9EC7B}.AppStore|iPhoneSimulator.Build.0 = Debug|Any CPU
		{B5605142-D447-4C2B-9C4C-808C19F9EC7B}.AppStore|iPhoneSimulator.Deploy.0 = Debug|Any CPU
		{B5605142-D447-4C2B-9C4C-808C19F9EC7B}.AppStore|x64.ActiveCfg = Debug|Any CPU
		{B5605142-D447-4C2B-9C4C-808C19F9EC7B}.AppStore|x64.Build.0 = Debug|Any CPU
		{B5605142-D447-4C2B-9C4C-808C19F9EC7B}.AppStore|x64.Deploy.0 = Debug|Any CPU
		{B5605142-D447-4C2B-9C4C-808C19F9EC7B}.AppStore|x86.ActiveCfg = Debug|Any CPU
		{B5605142-D447-4C2B-9C4C-808C19F9EC7B}.AppStore|x86.Build.0 = Debug|Any CPU
		{B5605142-D447-4C2B-9C4C-808C19F9EC7B}.AppStore|x86.Deploy.0 = Debug|Any CPU
		{B5605142-D447-4C2B-9C4C-808C19F9EC7B}.Debug|Any CPU.ActiveCfg = Debug|Any CPU
		{B5605142-D447-4C2B-9C4C-808C19F9EC7B}.Debug|Any CPU.Build.0 = Debug|Any CPU
		{B5605142-D447-4C2B-9C4C-808C19F9EC7B}.Debug|Any CPU.Deploy.0 = Debug|Any CPU
		{B5605142-D447-4C2B-9C4C-808C19F9EC7B}.Debug|ARM.ActiveCfg = Debug|Any CPU
		{B5605142-D447-4C2B-9C4C-808C19F9EC7B}.Debug|ARM.Build.0 = Debug|Any CPU
		{B5605142-D447-4C2B-9C4C-808C19F9EC7B}.Debug|ARM.Deploy.0 = Debug|Any CPU
		{B5605142-D447-4C2B-9C4C-808C19F9EC7B}.Debug|iPhone.ActiveCfg = Debug|Any CPU
		{B5605142-D447-4C2B-9C4C-808C19F9EC7B}.Debug|iPhone.Build.0 = Debug|Any CPU
		{B5605142-D447-4C2B-9C4C-808C19F9EC7B}.Debug|iPhone.Deploy.0 = Debug|Any CPU
		{B5605142-D447-4C2B-9C4C-808C19F9EC7B}.Debug|iPhoneSimulator.ActiveCfg = Debug|Any CPU
		{B5605142-D447-4C2B-9C4C-808C19F9EC7B}.Debug|iPhoneSimulator.Build.0 = Debug|Any CPU
		{B5605142-D447-4C2B-9C4C-808C19F9EC7B}.Debug|iPhoneSimulator.Deploy.0 = Debug|Any CPU
		{B5605142-D447-4C2B-9C4C-808C19F9EC7B}.Debug|x64.ActiveCfg = Debug|Any CPU
		{B5605142-D447-4C2B-9C4C-808C19F9EC7B}.Debug|x64.Build.0 = Debug|Any CPU
		{B5605142-D447-4C2B-9C4C-808C19F9EC7B}.Debug|x64.Deploy.0 = Debug|Any CPU
		{B5605142-D447-4C2B-9C4C-808C19F9EC7B}.Debug|x86.ActiveCfg = Debug|Any CPU
		{B5605142-D447-4C2B-9C4C-808C19F9EC7B}.Debug|x86.Build.0 = Debug|Any CPU
		{B5605142-D447-4C2B-9C4C-808C19F9EC7B}.Debug|x86.Deploy.0 = Debug|Any CPU
		{B5605142-D447-4C2B-9C4C-808C19F9EC7B}.Release|Any CPU.ActiveCfg = Release|Any CPU
		{B5605142-D447-4C2B-9C4C-808C19F9EC7B}.Release|Any CPU.Build.0 = Release|Any CPU
		{B5605142-D447-4C2B-9C4C-808C19F9EC7B}.Release|Any CPU.Deploy.0 = Release|Any CPU
		{B5605142-D447-4C2B-9C4C-808C19F9EC7B}.Release|ARM.ActiveCfg = Release|Any CPU
		{B5605142-D447-4C2B-9C4C-808C19F9EC7B}.Release|ARM.Build.0 = Release|Any CPU
		{B5605142-D447-4C2B-9C4C-808C19F9EC7B}.Release|ARM.Deploy.0 = Release|Any CPU
		{B5605142-D447-4C2B-9C4C-808C19F9EC7B}.Release|iPhone.ActiveCfg = Release|Any CPU
		{B5605142-D447-4C2B-9C4C-808C19F9EC7B}.Release|iPhone.Build.0 = Release|Any CPU
		{B5605142-D447-4C2B-9C4C-808C19F9EC7B}.Release|iPhone.Deploy.0 = Release|Any CPU
		{B5605142-D447-4C2B-9C4C-808C19F9EC7B}.Release|iPhoneSimulator.ActiveCfg = Release|Any CPU
		{B5605142-D447-4C2B-9C4C-808C19F9EC7B}.Release|iPhoneSimulator.Build.0 = Release|Any CPU
		{B5605142-D447-4C2B-9C4C-808C19F9EC7B}.Release|iPhoneSimulator.Deploy.0 = Release|Any CPU
		{B5605142-D447-4C2B-9C4C-808C19F9EC7B}.Release|x64.ActiveCfg = Release|Any CPU
		{B5605142-D447-4C2B-9C4C-808C19F9EC7B}.Release|x64.Build.0 = Release|Any CPU
		{B5605142-D447-4C2B-9C4C-808C19F9EC7B}.Release|x64.Deploy.0 = Release|Any CPU
		{B5605142-D447-4C2B-9C4C-808C19F9EC7B}.Release|x86.ActiveCfg = Release|Any CPU
		{B5605142-D447-4C2B-9C4C-808C19F9EC7B}.Release|x86.Build.0 = Release|Any CPU
		{B5605142-D447-4C2B-9C4C-808C19F9EC7B}.Release|x86.Deploy.0 = Release|Any CPU
	EndGlobalSection
	GlobalSection(SolutionProperties) = preSolution
		HideSolutionNode = FALSE
	EndGlobalSection
	GlobalSection(ExtensibilityGlobals) = postSolution
		SolutionGuid = {2F8A8124-6425-4623-A5BB-0121B40ED86A}
	EndGlobalSection
EndGlobal
